
Microsoft Visual Studio Solution File, Format Version 11.00
# Visual Studio 2010
Project("{FAE04EC0-301F-11D3-BF4B-00C04F79EFBC}") = "BabyShark", "Assembly-CSharp.csproj", "{CAE3C21A-307D-D3FA-E536-5B4BDEA38CBD}"
EndProject
Global
	GlobalSection(SolutionConfigurationPlatforms) = preSolution
		Debug|Any CPU = Debug|Any CPU
		Release|Any CPU = Release|Any CPU
	EndGlobalSection
	GlobalSection(ProjectConfigurationPlatforms) = postSolution
		{CAE3C21A-307D-D3FA-E536-5B4BDEA38CBD}.Debug|Any CPU.ActiveCfg = Debug|Any CPU
		{CAE3C21A-307D-D3FA-E536-5B4BDEA38CBD}.Debug|Any CPU.Build.0 = Debug|Any CPU
		{CAE3C21A-307D-D3FA-E536-5B4BDEA38CBD}.Release|Any CPU.ActiveCfg = Release|Any CPU
		{CAE3C21A-307D-D3FA-E536-5B4BDEA38CBD}.Release|Any CPU.Build.0 = Release|Any CPU
	EndGlobalSection
	GlobalSection(SolutionProperties) = preSolution
		HideSolutionNode = FALSE
	EndGlobalSection
	GlobalSection(MonoDevelopProperties) = preSolution
		StartupItem = Assembly-CSharp.csproj
	EndGlobalSection
EndGlobal
